
Microsoft Visual Studio Solution File, Format Version 12.00
Project("{FAE04EC0-301F-11D3-BF4B-00C04F79EFBC}") = "BaseballIpsum.Web", "BaseballIpsum.Web\BaseballIpsum.Web.csproj", "{4AEAE1E8-87E2-4997-9F08-0E40F6989940}"
EndProject
Project("{FAE04EC0-301F-11D3-BF4B-00C04F79EFBC}") = "BaseballIpsum", "BaseballIpsum\BaseballIpsum.csproj", "{FFAA8E1B-C392-4A14-A8BC-D9B0FB2AFDFC}"
EndProject
Project("{FAE04EC0-301F-11D3-BF4B-00C04F79EFBC}") = "BaseballIpsum.Tests", "BaseballIpsum.Tests\BaseballIpsum.Tests.csproj", "{DE9CE1D7-1E25-4AE8-8EEC-5A3F9360A0D2}"
EndProject
Global
	GlobalSection(SolutionConfigurationPlatforms) = preSolution
		Debug|Any CPU = Debug|Any CPU
		Release|Any CPU = Release|Any CPU
	EndGlobalSection
	GlobalSection(ProjectConfigurationPlatforms) = postSolution
		{4AEAE1E8-87E2-4997-9F08-0E40F6989940}.Debug|Any CPU.ActiveCfg = Debug|Any CPU
		{4AEAE1E8-87E2-4997-9F08-0E40F6989940}.Debug|Any CPU.Build.0 = Debug|Any CPU
		{4AEAE1E8-87E2-4997-9F08-0E40F6989940}.Release|Any CPU.ActiveCfg = Release|Any CPU
		{4AEAE1E8-87E2-4997-9F08-0E40F6989940}.Release|Any CPU.Build.0 = Release|Any CPU
		{FFAA8E1B-C392-4A14-A8BC-D9B0FB2AFDFC}.Debug|Any CPU.ActiveCfg = Debug|Any CPU
		{FFAA8E1B-C392-4A14-A8BC-D9B0FB2AFDFC}.Debug|Any CPU.Build.0 = Debug|Any CPU
		{FFAA8E1B-C392-4A14-A8BC-D9B0FB2AFDFC}.Release|Any CPU.ActiveCfg = Release|Any CPU
		{FFAA8E1B-C392-4A14-A8BC-D9B0FB2AFDFC}.Release|Any CPU.Build.0 = Release|Any CPU
		{DE9CE1D7-1E25-4AE8-8EEC-5A3F9360A0D2}.Debug|Any CPU.ActiveCfg = Debug|Any CPU
		{DE9CE1D7-1E25-4AE8-8EEC-5A3F9360A0D2}.Debug|Any CPU.Build.0 = Debug|Any CPU
		{DE9CE1D7-1E25-4AE8-8EEC-5A3F9360A0D2}.Release|Any CPU.ActiveCfg = Release|Any CPU
		{DE9CE1D7-1E25-4AE8-8EEC-5A3F9360A0D2}.Release|Any CPU.Build.0 = Release|Any CPU
	EndGlobalSection
EndGlobal
