
Microsoft Visual Studio Solution File, Format Version 11.00
# Visual Studio 2010
Project("{FAE04EC0-301F-11D3-BF4B-00C04F79EFBC}") = "BaseballIpsum", "BaseballIpsum\BaseballIpsum.csproj", "{2DEB3309-A945-4285-B8B8-C98901BD1548}"
EndProject
Project("{FAE04EC0-301F-11D3-BF4B-00C04F79EFBC}") = "BaseballIpsum.Tests", "BaseballIpsum.Tests\BaseballIpsum.Tests.csproj", "{A14C65F4-FDED-4BBB-A96A-0B992E9294B2}"
EndProject
Project("{FAE04EC0-301F-11D3-BF4B-00C04F79EFBC}") = "BaseballIpsum.Web", "BaseballIpsum.Web\BaseballIpsum.Web.csproj", "{A8343380-7B97-438B-8322-07B47833AC50}"
EndProject
Global
	GlobalSection(SolutionConfigurationPlatforms) = preSolution
		Debug|Any CPU = Debug|Any CPU
		Release|Any CPU = Release|Any CPU
	EndGlobalSection
	GlobalSection(ProjectConfigurationPlatforms) = postSolution
		{2DEB3309-A945-4285-B8B8-C98901BD1548}.Debug|Any CPU.ActiveCfg = Debug|Any CPU
		{2DEB3309-A945-4285-B8B8-C98901BD1548}.Debug|Any CPU.Build.0 = Debug|Any CPU
		{2DEB3309-A945-4285-B8B8-C98901BD1548}.Release|Any CPU.ActiveCfg = Release|Any CPU
		{2DEB3309-A945-4285-B8B8-C98901BD1548}.Release|Any CPU.Build.0 = Release|Any CPU
		{A14C65F4-FDED-4BBB-A96A-0B992E9294B2}.Debug|Any CPU.ActiveCfg = Debug|Any CPU
		{A14C65F4-FDED-4BBB-A96A-0B992E9294B2}.Debug|Any CPU.Build.0 = Debug|Any CPU
		{A14C65F4-FDED-4BBB-A96A-0B992E9294B2}.Release|Any CPU.ActiveCfg = Release|Any CPU
		{A14C65F4-FDED-4BBB-A96A-0B992E9294B2}.Release|Any CPU.Build.0 = Release|Any CPU
		{A8343380-7B97-438B-8322-07B47833AC50}.Debug|Any CPU.ActiveCfg = Debug|Any CPU
		{A8343380-7B97-438B-8322-07B47833AC50}.Debug|Any CPU.Build.0 = Debug|Any CPU
		{A8343380-7B97-438B-8322-07B47833AC50}.Release|Any CPU.ActiveCfg = Release|Any CPU
		{A8343380-7B97-438B-8322-07B47833AC50}.Release|Any CPU.Build.0 = Release|Any CPU
	EndGlobalSection
	GlobalSection(SolutionProperties) = preSolution
		HideSolutionNode = FALSE
	EndGlobalSection
EndGlobal
